{
    "_readme": [
        "This file locks the dependencies of your project to a known state",
        "Read more about it at https://getcomposer.org/doc/01-basic-usage.md#installing-dependencies",
        "This file is @generated automatically"
    ],
    "content-hash": "9ca96f0987bf3ad828c335d096cadab8",
    "packages": [
        {
            "name": "composer/ca-bundle",
            "version": "1.2.3",
            "source": {
                "type": "git",
                "url": "https://github.com/composer/ca-bundle.git",
                "reference": "f26a67e397be0e5c00d7c52ec7b5010098e15ce5"
            },
            "dist": {
                "type": "zip",
                "url": "https://api.github.com/repos/composer/ca-bundle/zipball/f26a67e397be0e5c00d7c52ec7b5010098e15ce5",
                "reference": "f26a67e397be0e5c00d7c52ec7b5010098e15ce5",
                "shasum": ""
            },
            "require": {
                "ext-openssl": "*",
                "ext-pcre": "*",
                "php": "^5.3.2 || ^7.0 || ^8.0"
            },
            "require-dev": {
                "phpunit/phpunit": "^4.8.35 || ^5.7 || 6.5 - 8",
                "psr/log": "^1.0",
                "symfony/process": "^2.5 || ^3.0 || ^4.0"
            },
            "type": "library",
            "extra": {
                "branch-alias": {
                    "dev-master": "1.x-dev"
                }
            },
            "autoload": {
                "psr-4": {
                    "Composer\\CaBundle\\": "src"
                }
            },
            "notification-url": "https://packagist.org/downloads/",
            "license": [
                "MIT"
            ],
            "authors": [
                {
                    "name": "Jordi Boggiano",
                    "email": "j.boggiano@seld.be",
                    "homepage": "http://seld.be"
                }
            ],
            "description": "Lets you find a path to the system CA bundle, and includes a fallback to the Mozilla CA bundle.",
            "keywords": [
                "cabundle",
                "cacert",
                "certificate",
                "ssl",
                "tls"
            ],
            "time": "2019-08-02T09:05:43+00:00"
        },
        {
            "name": "joomla/http",
            "version": "1.3.3",
            "source": {
                "type": "git",
                "url": "https://github.com/joomla-framework/http.git",
                "reference": "128c3d410fd7327fb87839cd3e00ed0be2f71f9d"
            },
            "dist": {
                "type": "zip",
                "url": "https://api.github.com/repos/joomla-framework/http/zipball/128c3d410fd7327fb87839cd3e00ed0be2f71f9d",
                "reference": "128c3d410fd7327fb87839cd3e00ed0be2f71f9d",
                "shasum": ""
            },
            "require": {
                "composer/ca-bundle": "~1.0",
                "joomla/uri": "~1.0|~2.0",
                "php": "^5.3.10|~7.0"
            },
            "require-dev": {
                "joomla/coding-standards": "~2.0@alpha",
                "joomla/test": "~1.0",
                "phpunit/phpunit": "^4.8.35|^5.4.3|~6.0"
            },
            "suggest": {
                "ext-curl": "To use cURL for HTTP connections",
                "joomla/registry": "Registry can be used as an alternative to using an array for the package options."
            },
            "type": "joomla-package",
            "extra": {
                "branch-alias": {
                    "dev-master": "1.x-dev"
                }
            },
            "autoload": {
                "psr-4": {
                    "Joomla\\Http\\": "src/"
                }
            },
            "notification-url": "https://packagist.org/downloads/",
            "license": [
                "GPL-2.0-or-later"
            ],
            "description": "Joomla HTTP Package",
            "homepage": "https://github.com/joomla-framework/http",
            "keywords": [
                "framework",
                "http",
                "joomla"
            ],
            "time": "2019-03-10T15:31:03+00:00"
        },
        {
            "name": "joomla/uri",
            "version": "1.2.0",
            "source": {
                "type": "git",
                "url": "https://github.com/joomla-framework/uri.git",
                "reference": "848a31dc895a9c8c9d7ea67571d6a4dd634a9dc1"
            },
            "dist": {
                "type": "zip",
                "url": "https://api.github.com/repos/joomla-framework/uri/zipball/848a31dc895a9c8c9d7ea67571d6a4dd634a9dc1",
                "reference": "848a31dc895a9c8c9d7ea67571d6a4dd634a9dc1",
                "shasum": ""
            },
            "require": {
                "php": "^5.3.10|~7.0"
            },
            "require-dev": {
                "joomla/coding-standards": "~2.0@alpha",
                "joomla/test": "~1.0",
                "phpunit/phpunit": "^4.8.35|^5.4.3|~6.0"
            },
            "type": "joomla-package",
            "extra": {
                "branch-alias": {
                    "dev-master": "1.x-dev"
                }
            },
            "autoload": {
                "psr-4": {
                    "Joomla\\Uri\\": "src/"
                }
            },
            "notification-url": "https://packagist.org/downloads/",
            "license": [
                "GPL-2.0-or-later"
            ],
            "description": "Joomla Uri Package",
            "homepage": "https://github.com/joomla-framework/uri",
            "keywords": [
                "framework",
                "joomla",
                "uri"
            ],
            "time": "2018-07-01T00:12:15+00:00"
        }
    ],
    "packages-dev": [],
    "aliases": [],
    "minimum-stability": "stable",
    "stability-flags": [],
    "prefer-stable": false,
    "prefer-lowest": false,
    "platform": [],
    "platform-dev": []
}
